// !$*UTF8*$!
{
	archiveVersion = 1;
	classes = {
	};
	objectVersion = 50;
	objects = {

/* Begin PBXBuildFile section */
		CF5E015B26D08BF800177B50 /* SettingsViewController.swift in Sources */ = {isa = PBXBuildFile; fileRef = CF5E015A26D08BF800177B50 /* SettingsViewController.swift */; };
		CF5E015D26D08C0800177B50 /* SelectTimeViewController.swift in Sources */ = {isa = PBXBuildFile; fileRef = CF5E015C26D08C0800177B50 /* SelectTimeViewController.swift */; };
		CF5E015F26D094F900177B50 /* Settings.swift in Sources */ = {isa = PBXBuildFile; fileRef = CF5E015E26D094F900177B50 /* Settings.swift */; };
		CF9D951226D9592900739C22 /* RecordViewController.swift in Sources */ = {isa = PBXBuildFile; fileRef = CF9D951126D9592900739C22 /* RecordViewController.swift */; };
		CFE1CD5026C050280019ACA3 /* GameViewController.swift in Sources */ = {isa = PBXBuildFile; fileRef = CFE1CD4F26C050280019ACA3 /* GameViewController.swift */; };
		CFE1CD5226C078620019ACA3 /* GameBackend.swift in Sources */ = {isa = PBXBuildFile; fileRef = CFE1CD5126C078620019ACA3 /* GameBackend.swift */; };
		CFF867CB26BB3331003F8C6F /* AppDelegate.swift in Sources */ = {isa = PBXBuildFile; fileRef = CFF867CA26BB3331003F8C6F /* AppDelegate.swift */; };
		CFF867CD26BB3331003F8C6F /* SceneDelegate.swift in Sources */ = {isa = PBXBuildFile; fileRef = CFF867CC26BB3331003F8C6F /* SceneDelegate.swift */; };
		CFF867D226BB3331003F8C6F /* Main.storyboard in Resources */ = {isa = PBXBuildFile; fileRef = CFF867D026BB3331003F8C6F /* Main.storyboard */; };
		CFF867D426BB3331003F8C6F /* Assets.xcassets in Resources */ = {isa = PBXBuildFile; fileRef = CFF867D326BB3331003F8C6F /* Assets.xcassets */; };
		CFF867D726BB3331003F8C6F /* LaunchScreen.storyboard in Resources */ = {isa = PBXBuildFile; fileRef = CFF867D526BB3331003F8C6F /* LaunchScreen.storyboard */; };
/* End PBXBuildFile section */

/* Begin PBXFileReference section */
		CF5E015A26D08BF800177B50 /* SettingsViewController.swift */ = {isa = PBXFileReference; lastKnownFileType = sourcecode.swift; path = SettingsViewController.swift; sourceTree = "<group>"; };
		CF5E015C26D08C0800177B50 /* SelectTimeViewController.swift */ = {isa = PBXFileReference; lastKnownFileType = sourcecode.swift; path = SelectTimeViewController.swift; sourceTree = "<group>"; };
		CF5E015E26D094F900177B50 /* Settings.swift */ = {isa = PBXFileReference; lastKnownFileType = sourcecode.swift; path = Settings.swift; sourceTree = "<group>"; };
		CF9D951126D9592900739C22 /* RecordViewController.swift */ = {isa = PBXFileReference; lastKnownFileType = sourcecode.swift; path = RecordViewController.swift; sourceTree = "<group>"; };
		CFE1CD4F26C050280019ACA3 /* GameViewController.swift */ = {isa = PBXFileReference; lastKnownFileType = sourcecode.swift; path = GameViewController.swift; sourceTree = "<group>"; };
		CFE1CD5126C078620019ACA3 /* GameBackend.swift */ = {isa = PBXFileReference; lastKnownFileType = sourcecode.swift; path = GameBackend.swift; sourceTree = "<group>"; };
		CFF867C726BB3330003F8C6F /* FindNumber.app */ = {isa = PBXFileReference; explicitFileType = wrapper.application; includeInIndex = 0; path = FindNumber.app; sourceTree = BUILT_PRODUCTS_DIR; };
		CFF867CA26BB3331003F8C6F /* AppDelegate.swift */ = {isa = PBXFileReference; lastKnownFileType = sourcecode.swift; path = AppDelegate.swift; sourceTree = "<group>"; };
		CFF867CC26BB3331003F8C6F /* SceneDelegate.swift */ = {isa = PBXFileReference; lastKnownFileType = sourcecode.swift; path = SceneDelegate.swift; sourceTree = "<group>"; };
		CFF867D126BB3331003F8C6F /* Base */ = {isa = PBXFileReference; lastKnownFileType = file.storyboard; name = Base; path = Base.lproj/Main.storyboard; sourceTree = "<group>"; };
		CFF867D326BB3331003F8C6F /* Assets.xcassets */ = {isa = PBXFileReference; lastKnownFileType = folder.assetcatalog; path = Assets.xcassets; sourceTree = "<group>"; };
		CFF867D626BB3331003F8C6F /* Base */ = {isa = PBXFileReference; lastKnownFileType = file.storyboard; name = Base; path = Base.lproj/LaunchScreen.storyboard; sourceTree = "<group>"; };
		CFF867D826BB3331003F8C6F /* Info.plist */ = {isa = PBXFileReference; lastKnownFileType = text.plist.xml; path = Info.plist; sourceTree = "<group>"; };
/* End PBXFileReference section */

/* Begin PBXFrameworksBuildPhase section */
		CFF867C426BB3330003F8C6F /* Frameworks */ = {
			isa = PBXFrameworksBuildPhase;
			buildActionMask = 2147483647;
			files = (
			);
			runOnlyForDeploymentPostprocessing = 0;
		};
/* End PBXFrameworksBuildPhase section */

/* Begin PBXGroup section */
		CFF867BE26BB3330003F8C6F = {
			isa = PBXGroup;
			children = (
				CFF867C926BB3330003F8C6F /* FindNumber */,
				CFF867C826BB3330003F8C6F /* Products */,
			);
			sourceTree = "<group>";
		};
		CFF867C826BB3330003F8C6F /* Products */ = {
			isa = PBXGroup;
			children = (
				CFF867C726BB3330003F8C6F /* FindNumber.app */,
			);
			name = Products;
			sourceTree = "<group>";
		};
		CFF867C926BB3330003F8C6F /* FindNumber */ = {
			isa = PBXGroup;
			children = (
				CFF867CA26BB3331003F8C6F /* AppDelegate.swift */,
				CFF867CC26BB3331003F8C6F /* SceneDelegate.swift */,
				CFF867D026BB3331003F8C6F /* Main.storyboard */,
				CFF867D326BB3331003F8C6F /* Assets.xcassets */,
				CFF867D526BB3331003F8C6F /* LaunchScreen.storyboard */,
				CFF867D826BB3331003F8C6F /* Info.plist */,
				CFE1CD4F26C050280019ACA3 /* GameViewController.swift */,
				CFE1CD5126C078620019ACA3 /* GameBackend.swift */,
				CF5E015A26D08BF800177B50 /* SettingsViewController.swift */,
				CF5E015C26D08C0800177B50 /* SelectTimeViewController.swift */,
				CF5E015E26D094F900177B50 /* Settings.swift */,
				CF9D951126D9592900739C22 /* RecordViewController.swift */,
			);
			path = FindNumber;
			sourceTree = "<group>";
		};
/* End PBXGroup section */

/* Begin PBXNativeTarget section */
		CFF867C626BB3330003F8C6F /* FindNumber */ = {
			isa = PBXNativeTarget;
			buildConfigurationList = CFF867DB26BB3331003F8C6F /* Build configuration list for PBXNativeTarget "FindNumber" */;
			buildPhases = (
				CFF867C326BB3330003F8C6F /* Sources */,
				CFF867C426BB3330003F8C6F /* Frameworks */,
				CFF867C526BB3330003F8C6F /* Resources */,
			);
			buildRules = (
			);
			dependencies = (
			);
			name = FindNumber;
			productName = FindNumber;
			productReference = CFF867C726BB3330003F8C6F /* FindNumber.app */;
			productType = "com.apple.product-type.application";
		};
/* End PBXNativeTarget section */

/* Begin PBXProject section */
		CFF867BF26BB3330003F8C6F /* Project object */ = {
			isa = PBXProject;
			attributes = {
				LastSwiftUpdateCheck = 1250;
				LastUpgradeCheck = 1250;
				TargetAttributes = {
					CFF867C626BB3330003F8C6F = {
						CreatedOnToolsVersion = 12.5.1;
					};
				};
			};
			buildConfigurationList = CFF867C226BB3330003F8C6F /* Build configuration list for PBXProject "FindNumber" */;
			compatibilityVersion = "Xcode 9.3";
			developmentRegion = en;
			hasScannedForEncodings = 0;
			knownRegions = (
				en,
				Base,
			);
			mainGroup = CFF867BE26BB3330003F8C6F;
			productRefGroup = CFF867C826BB3330003F8C6F /* Products */;
			projectDirPath = "";
			projectRoot = "";
			targets = (
				CFF867C626BB3330003F8C6F /* FindNumber */,
			);
		};
/* End PBXProject section */

/* Begin PBXResourcesBuildPhase section */
		CFF867C526BB3330003F8C6F /* Resources */ = {
			isa = PBXResourcesBuildPhase;
			buildActionMask = 2147483647;
			files = (
				CFF867D726BB3331003F8C6F /* LaunchScreen.storyboard in Resources */,
				CFF867D426BB3331003F8C6F /* Assets.xcassets in Resources */,
				CFF867D226BB3331003F8C6F /* Main.storyboard in Resources */,
			);
			runOnlyForDeploymentPostprocessing = 0;
		};
/* End PBXResourcesBuildPhase section */

/* Begin PBXSourcesBuildPhase section */
		CFF867C326BB3330003F8C6F /* Sources */ = {
			isa = PBXSourcesBuildPhase;
			buildActionMask = 2147483647;
			files = (
				CFF867CB26BB3331003F8C6F /* AppDelegate.swift in Sources */,
				CF5E015D26D08C0800177B50 /* SelectTimeViewController.swift in Sources */,
				CFE1CD5026C050280019ACA3 /* GameViewController.swift in Sources */,
				CF9D951226D9592900739C22 /* RecordViewController.swift in Sources */,
				CFE1CD5226C078620019ACA3 /* GameBackend.swift in Sources */,
				CF5E015F26D094F900177B50 /* Settings.swift in Sources */,
				CFF867CD26BB3331003F8C6F /* SceneDelegate.swift in Sources */,
				CF5E015B26D08BF800177B50 /* SettingsViewController.swift in Sources */,
			);
			runOnlyForDeploymentPostprocessing = 0;
		};
/* End PBXSourcesBuildPhase section */

/* Begin PBXVariantGroup section */
		CFF867D026BB3331003F8C6F /* Main.storyboard */ = {
			isa = PBXVariantGroup;
			children = (
				CFF867D126BB3331003F8C6F /* Base */,
			);
			name = Main.storyboard;
			sourceTree = "<group>";
		};
		CFF867D526BB3331003F8C6F /* LaunchScreen.storyboard */ = {
			isa = PBXVariantGroup;
			children = (
				CFF867D626BB3331003F8C6F /* Base */,
			);
			name = LaunchScreen.storyboard;
			sourceTree = "<group>";
		};
/* End PBXVariantGroup section */

/* Begin XCBuildConfiguration section */
		CFF867D926BB3331003F8C6F /* Debug */ = {
			isa = XCBuildConfiguration;
			buildSettings = {
				ALWAYS_SEARCH_USER_PATHS = NO;
				CLANG_ANALYZER_NONNULL = YES;
				CLANG_ANALYZER_NUMBER_OBJECT_CONVERSION = YES_AGGRESSIVE;
				CLANG_CXX_LANGUAGE_STANDARD = "gnu++14";
				CLANG_CXX_LIBRARY = "libc++";
				CLANG_ENABLE_MODULES = YES;
				CLANG_ENABLE_OBJC_ARC = YES;
				CLANG_ENABLE_OBJC_WEAK = YES;
				CLANG_WARN_BLOCK_CAPTURE_AUTORELEASING = YES;
				CLANG_WARN_BOOL_CONVERSION = YES;
				CLANG_WARN_COMMA = YES;
				CLANG_WARN_CONSTANT_CONVERSION = YES;
				CLANG_WARN_DEPRECATED_OBJC_IMPLEMENTATIONS = YES;
				CLANG_WARN_DIRECT_OBJC_ISA_USAGE = YES_ERROR;
				CLANG_WARN_DOCUMENTATION_COMMENTS = YES;
				CLANG_WARN_EMPTY_BODY = YES;
				CLANG_WARN_ENUM_CONVERSION = YES;
				CLANG_WARN_INFINITE_RECURSION = YES;
				CLANG_WARN_INT_CONVERSION = YES;
				CLANG_WARN_NON_LITERAL_NULL_CONVERSION = YES;
				CLANG_WARN_OBJC_IMPLICIT_RETAIN_SELF = YES;
				CLANG_WARN_OBJC_LITERAL_CONVERSION = YES;
				CLANG_WARN_OBJC_ROOT_CLASS = YES_ERROR;
				CLANG_WARN_QUOTED_INCLUDE_IN_FRAMEWORK_HEADER = YES;
				CLANG_WARN_RANGE_LOOP_ANALYSIS = YES;
				CLANG_WARN_STRICT_PROTOTYPES = YES;
				CLANG_WARN_SUSPICIOUS_MOVE = YES;
				CLANG_WARN_UNGUARDED_AVAILABILITY = YES_AGGRESSIVE;
				CLANG_WARN_UNREACHABLE_CODE = YES;
				CLANG_WARN__DUPLICATE_METHOD_MATCH = YES;
				COPY_PHASE_STRIP = NO;
				DEBUG_INFORMATION_FORMAT = dwarf;
				ENABLE_STRICT_OBJC_MSGSEND = YES;
				ENABLE_TESTABILITY = YES;
				GCC_C_LANGUAGE_STANDARD = gnu11;
				GCC_DYNAMIC_NO_PIC = NO;
				GCC_NO_COMMON_BLOCKS = YES;
				GCC_OPTIMIZATION_LEVEL = 0;
				GCC_PREPROCESSOR_DEFINITIONS = (
					"DEBUG=1",
					"$(inherited)",
				);
				GCC_WARN_64_TO_32_BIT_CONVERSION = YES;
				GCC_WARN_ABOUT_RETURN_TYPE = YES_ERROR;
				GCC_WARN_UNDECLARED_SELECTOR = YES;
				GCC_WARN_UNINITIALIZED_AUTOS = YES_AGGRESSIVE;
				GCC_WARN_UNUSED_FUNCTION = YES;
				GCC_WARN_UNUSED_VARIABLE = YES;
				IPHONEOS_DEPLOYMENT_TARGET = 14.5;
				MTL_ENABLE_DEBUG_INFO = INCLUDE_SOURCE;
				MTL_FAST_MATH = YES;
				ONLY_ACTIVE_ARCH = YES;
				SDKROOT = iphoneos;
				SWIFT_ACTIVE_COMPILATION_CONDITIONS = DEBUG;
				SWIFT_OPTIMIZATION_LEVEL = "-Onone";
			};
			name = Debug;
		};
		CFF867DA26BB3331003F8C6F /* Release */ = {
			isa = XCBuildConfiguration;
			buildSettings = {
				ALWAYS_SEARCH_USER_PATHS = NO;
				CLANG_ANALYZER_NONNULL = YES;
				CLANG_ANALYZER_NUMBER_OBJECT_CONVERSION = YES_AGGRESSIVE;
				CLANG_CXX_LANGUAGE_STANDARD = "gnu++14";
				CLANG_CXX_LIBRARY = "libc++";
				CLANG_ENABLE_MODULES = YES;
				CLANG_ENABLE_OBJC_ARC = YES;
				CLANG_ENABLE_OBJC_WEAK = YES;
				CLANG_WARN_BLOCK_CAPTURE_AUTORELEASING = YES;
				CLANG_WARN_BOOL_CONVERSION = YES;
				CLANG_WARN_COMMA = YES;
				CLANG_WARN_CONSTANT_CONVERSION = YES;
				CLANG_WARN_DEPRECATED_OBJC_IMPLEMENTATIONS = YES;
				CLANG_WARN_DIRECT_OBJC_ISA_USAGE = YES_ERROR;
				CLANG_WARN_DOCUMENTATION_COMMENTS = YES;
				CLANG_WARN_EMPTY_BODY = YES;
				CLANG_WARN_ENUM_CONVERSION = YES;
				CLANG_WARN_INFINITE_RECURSION = YES;
				CLANG_WARN_INT_CONVERSION = YES;
				CLANG_WARN_NON_LITERAL_NULL_CONVERSION = YES;
				CLANG_WARN_OBJC_IMPLICIT_RETAIN_SELF = YES;
				CLANG_WARN_OBJC_LITERAL_CONVERSION = YES;
				CLANG_WARN_OBJC_ROOT_CLASS = YES_ERROR;
				CLANG_WARN_QUOTED_INCLUDE_IN_FRAMEWORK_HEADER = YES;
				CLANG_WARN_RANGE_LOOP_ANALYSIS = YES;
				CLANG_WARN_STRICT_PROTOTYPES = YES;
				CLANG_WARN_SUSPICIOUS_MOVE = YES;
				CLANG_WARN_UNGUARDED_AVAILABILITY = YES_AGGRESSIVE;
				CLANG_WARN_UNREACHABLE_CODE = YES;
				CLANG_WARN__DUPLICATE_METHOD_MATCH = YES;
				COPY_PHASE_STRIP = NO;
				DEBUG_INFORMATION_FORMAT = "dwarf-with-dsym";
				ENABLE_NS_ASSERTIONS = NO;
				ENABLE_STRICT_OBJC_MSGSEND = YES;
				GCC_C_LANGUAGE_STANDARD = gnu11;
				GCC_NO_COMMON_BLOCKS = YES;
				GCC_WARN_64_TO_32_BIT_CONVERSION = YES;
				GCC_WARN_ABOUT_RETURN_TYPE = YES_ERROR;
				GCC_WARN_UNDECLARED_SELECTOR = YES;
				GCC_WARN_UNINITIALIZED_AUTOS = YES_AGGRESSIVE;
				GCC_WARN_UNUSED_FUNCTION = YES;
				GCC_WARN_UNUSED_VARIABLE = YES;
				IPHONEOS_DEPLOYMENT_TARGET = 14.5;
				MTL_ENABLE_DEBUG_INFO = NO;
				MTL_FAST_MATH = YES;
				SDKROOT = iphoneos;
				SWIFT_COMPILATION_MODE = wholemodule;
				SWIFT_OPTIMIZATION_LEVEL = "-O";
				VALIDATE_PRODUCT = YES;
			};
			name = Release;
		};
		CFF867DC26BB3331003F8C6F /* Debug */ = {
			isa = XCBuildConfiguration;
			buildSettings = {
				ASSETCATALOG_COMPILER_APPICON_NAME = AppIcon;
				ASSETCATALOG_COMPILER_GLOBAL_ACCENT_COLOR_NAME = AccentColor;
				CODE_SIGN_STYLE = Automatic;
				DEVELOPMENT_TEAM = CLTRD84GHA;
				INFOPLIST_FILE = FindNumber/Info.plist;
				IPHONEOS_DEPLOYMENT_TARGET = 13.0;
				LD_RUNPATH_SEARCH_PATHS = (
					"$(inherited)",
					"@executable_path/Frameworks",
				);
				PRODUCT_BUNDLE_IDENTIFIER = ru.testIdentifier.FindNumber;
				PRODUCT_NAME = "$(TARGET_NAME)";
				SWIFT_VERSION = 5.0;
				TARGETED_DEVICE_FAMILY = "1,2";
			};
			name = Debug;
		};
		CFF867DD26BB3331003F8C6F /* Release */ = {
			isa = XCBuildConfiguration;
			buildSettings = {
				ASSETCATALOG_COMPILER_APPICON_NAME = AppIcon;
				ASSETCATALOG_COMPILER_GLOBAL_ACCENT_COLOR_NAME = AccentColor;
				CODE_SIGN_STYLE = Automatic;
				DEVELOPMENT_TEAM = CLTRD84GHA;
				INFOPLIST_FILE = FindNumber/Info.plist;
				IPHONEOS_DEPLOYMENT_TARGET = 13.0;
				LD_RUNPATH_SEARCH_PATHS = (
					"$(inherited)",
					"@executable_path/Frameworks",
				);
				PRODUCT_BUNDLE_IDENTIFIER = ru.testIdentifier.FindNumber;
				PRODUCT_NAME = "$(TARGET_NAME)";
				SWIFT_VERSION = 5.0;
				TARGETED_DEVICE_FAMILY = "1,2";
			};
			name = Release;
		};
/* End XCBuildConfiguration section */

/* Begin XCConfigurationList section */
		CFF867C226BB3330003F8C6F /* Build configuration list for PBXProject "FindNumber" */ = {
			isa = XCConfigurationList;
			buildConfigurations = (
				CFF867D926BB3331003F8C6F /* Debug */,
				CFF867DA26BB3331003F8C6F /* Release */,
			);
			defaultConfigurationIsVisible = 0;
			defaultConfigurationName = Release;
		};
		CFF867DB26BB3331003F8C6F /* Build configuration list for PBXNativeTarget "FindNumber" */ = {
			isa = XCConfigurationList;
			buildConfigurations = (
				CFF867DC26BB3331003F8C6F /* Debug */,
				CFF867DD26BB3331003F8C6F /* Release */,
			);
			defaultConfigurationIsVisible = 0;
			defaultConfigurationName = Release;
		};
/* End XCConfigurationList section */
	};
	rootObject = CFF867BF26BB3330003F8C6F /* Project object */;
}
